lockVersion: 2.0.0
id: 599a9576-4665-431e-be1e-44cc13ef28aa
management:
  docChecksum: dd4d04e62622de8f631720b5be68964d
  docVersion: latest
  speakeasyVersion: 1.392.1
  generationVersion: 2.411.9
  releaseVersion: 0.8.2
  configChecksum: a578620a51a141cfb038d8ff4ad464ac
  repoURL: https://github.com/LukeHagar/discoursejs.git
  repoSubDirectory: .
  installationURL: https://github.com/LukeHagar/discoursejs
  published: true
features:
  typescript:
    additionalDependencies: 0.1.0
    additionalProperties: 0.1.1
    constsAndDefaults: 0.1.11
    core: 3.16.4
    defaultEnabledRetries: 0.1.0
    deprecations: 2.81.1
    envVarSecurityUsage: 0.1.1
    flattening: 2.81.1
    globalSecurityCallbacks: 0.1.0
    globalServerURLs: 2.82.4
    nullables: 0.1.0
    responseFormat: 0.2.3
    retries: 2.83.0
    sdkHooks: 0.1.0
    uploadStreams: 0.1.0
generatedFiles:
  - .eslintrc.cjs
  - .gitattributes
  - .npmignore
  - CONTRIBUTING.md
  - FUNCTIONS.md
  - RUNTIMES.md
  - USAGE.md
  - docs/lib/utils/retryconfig.md
  - docs/sdk/models/operations/abortmultipartrequestbody.md
  - docs/sdk/models/operations/abortmultipartresponsebody.md
  - docs/sdk/models/operations/actionssummary.md
  - docs/sdk/models/operations/activateuserrequest.md
  - docs/sdk/models/operations/activateuserresponsebody.md
  - docs/sdk/models/operations/addgroupmembersrequest.md
  - docs/sdk/models/operations/addgroupmembersrequestbody.md
  - docs/sdk/models/operations/addgroupmembersresponsebody.md
  - docs/sdk/models/operations/adminbadges.md
  - docs/sdk/models/operations/admingetuserexternalids.md
  - docs/sdk/models/operations/admingetusergroups.md
  - docs/sdk/models/operations/admingetuserpenaltycounts.md
  - docs/sdk/models/operations/admingetuserrequest.md
  - docs/sdk/models/operations/admingetuserresponsebody.md
  - docs/sdk/models/operations/adminlistbadgesresponsebody.md
  - docs/sdk/models/operations/adminlistusersrequest.md
  - docs/sdk/models/operations/adminlistusersresponsebody.md
  - docs/sdk/models/operations/anonymizeuserrequest.md
  - docs/sdk/models/operations/anonymizeuserresponsebody.md
  - docs/sdk/models/operations/approvedby.md
  - docs/sdk/models/operations/archetypes.md
  - docs/sdk/models/operations/asc.md
  - docs/sdk/models/operations/badge.md
  - docs/sdk/models/operations/badgegroupings.md
  - docs/sdk/models/operations/badges.md
  - docs/sdk/models/operations/badgetypes.md
  - docs/sdk/models/operations/basicgroup.md
  - docs/sdk/models/operations/basictopic.md
  - docs/sdk/models/operations/batchpresignmultipartpartsrequestbody.md
  - docs/sdk/models/operations/batchpresignmultipartpartsresponsebody.md
  - docs/sdk/models/operations/bookmarktopicrequest.md
  - docs/sdk/models/operations/categories.md
  - docs/sdk/models/operations/category.md
  - docs/sdk/models/operations/categorylist.md
  - docs/sdk/models/operations/censoredregexp.md
  - docs/sdk/models/operations/changepasswordrequest.md
  - docs/sdk/models/operations/changepasswordrequestbody.md
  - docs/sdk/models/operations/completeexternaluploadrequestbody.md
  - docs/sdk/models/operations/completeexternaluploadresponsebody.md
  - docs/sdk/models/operations/completemultipartrequestbody.md
  - docs/sdk/models/operations/completemultipartresponsebody.md
  - docs/sdk/models/operations/createbackuprequestbody.md
  - docs/sdk/models/operations/createbackupresponsebody.md
  - docs/sdk/models/operations/createbadgebadgetypes.md
  - docs/sdk/models/operations/createbadgerequestbody.md
  - docs/sdk/models/operations/createbadgeresponsebody.md
  - docs/sdk/models/operations/createcategoryrequestbody.md
  - docs/sdk/models/operations/createcategoryresponsebody.md
  - docs/sdk/models/operations/createdby.md
  - docs/sdk/models/operations/creategrouprequestbody.md
  - docs/sdk/models/operations/creategroupresponsebody.md
  - docs/sdk/models/operations/createinviterequest.md
  - docs/sdk/models/operations/createinviterequestbody.md
  - docs/sdk/models/operations/createinviteresponsebody.md
  - docs/sdk/models/operations/createmultipartuploadrequestbody.md
  - docs/sdk/models/operations/createmultipartuploadresponsebody.md
  - docs/sdk/models/operations/createtaggrouppermissions.md
  - docs/sdk/models/operations/createtaggrouprequestbody.md
  - docs/sdk/models/operations/createtaggroupresponsebody.md
  - docs/sdk/models/operations/createtopicpostpmactionssummary.md
  - docs/sdk/models/operations/createtopicpostpmrequestbody.md
  - docs/sdk/models/operations/createtopicpostpmresponsebody.md
  - docs/sdk/models/operations/createtopictimerrequest.md
  - docs/sdk/models/operations/createtopictimerrequestbody.md
  - docs/sdk/models/operations/createtopictimerresponsebody.md
  - docs/sdk/models/operations/createuploadrequestbody.md
  - docs/sdk/models/operations/createuploadresponsebody.md
  - docs/sdk/models/operations/createuserrequest.md
  - docs/sdk/models/operations/createuserrequestbody.md
  - docs/sdk/models/operations/createuserresponsebody.md
  - docs/sdk/models/operations/customemojitranslation.md
  - docs/sdk/models/operations/customfields.md
  - docs/sdk/models/operations/data.md
  - docs/sdk/models/operations/deactivateuserrequest.md
  - docs/sdk/models/operations/deactivateuserresponsebody.md
  - docs/sdk/models/operations/defaultdarkcolorscheme.md
  - docs/sdk/models/operations/deletebadgerequest.md
  - docs/sdk/models/operations/deletegrouprequest.md
  - docs/sdk/models/operations/deletegroupresponsebody.md
  - docs/sdk/models/operations/deletepostrequest.md
  - docs/sdk/models/operations/deletepostrequestbody.md
  - docs/sdk/models/operations/deleteuserrequest.md
  - docs/sdk/models/operations/deleteuserrequestbody.md
  - docs/sdk/models/operations/deleteuserresponsebody.md
  - docs/sdk/models/operations/details.md
  - docs/sdk/models/operations/directoryitems.md
  - docs/sdk/models/operations/downloadbackuprequest.md
  - docs/sdk/models/operations/enabled.md
  - docs/sdk/models/operations/externalids.md
  - docs/sdk/models/operations/extras.md
  - docs/sdk/models/operations/filet.md
  - docs/sdk/models/operations/flag.md
  - docs/sdk/models/operations/generatepresignedputmetadata.md
  - docs/sdk/models/operations/generatepresignedputrequestbody.md
  - docs/sdk/models/operations/generatepresignedputresponsebody.md
  - docs/sdk/models/operations/generatepresignedputtype.md
  - docs/sdk/models/operations/getcategorycategory.md
  - docs/sdk/models/operations/getcategorycustomfields.md
  - docs/sdk/models/operations/getcategorygrouppermissions.md
  - docs/sdk/models/operations/getcategoryrequest.md
  - docs/sdk/models/operations/getcategoryrequiredtaggroups.md
  - docs/sdk/models/operations/getcategoryresponsebody.md
  - docs/sdk/models/operations/getgroupgroup.md
  - docs/sdk/models/operations/getgrouprequest.md
  - docs/sdk/models/operations/getgroupresponsebody.md
  - docs/sdk/models/operations/getnotificationsresponsebody.md
  - docs/sdk/models/operations/getpostrequest.md
  - docs/sdk/models/operations/getpostresponsebody.md
  - docs/sdk/models/operations/getsitecategories.md
  - docs/sdk/models/operations/getsitegroups.md
  - docs/sdk/models/operations/getsiterequiredtaggroups.md
  - docs/sdk/models/operations/getsiteresponsebody.md
  - docs/sdk/models/operations/gettaggrouppermissions.md
  - docs/sdk/models/operations/gettaggrouprequest.md
  - docs/sdk/models/operations/gettaggroupresponsebody.md
  - docs/sdk/models/operations/gettaggrouptaggroup.md
  - docs/sdk/models/operations/gettagposters.md
  - docs/sdk/models/operations/gettagrequest.md
  - docs/sdk/models/operations/gettagresponsebody.md
  - docs/sdk/models/operations/gettagtags.md
  - docs/sdk/models/operations/gettagtopiclist.md
  - docs/sdk/models/operations/gettagtopics.md
  - docs/sdk/models/operations/gettagusers.md
  - docs/sdk/models/operations/gettopicactionssummary.md
  - docs/sdk/models/operations/gettopicbyexternalidrequest.md
  - docs/sdk/models/operations/gettopicrequest.md
  - docs/sdk/models/operations/gettopicresponsebody.md
  - docs/sdk/models/operations/gettopictagsdescriptions.md
  - docs/sdk/models/operations/gettopictopicsactionssummary.md
  - docs/sdk/models/operations/gettopicuser.md
  - docs/sdk/models/operations/getusercustomfields.md
  - docs/sdk/models/operations/getuseremailsrequest.md
  - docs/sdk/models/operations/getuseremailsresponsebody.md
  - docs/sdk/models/operations/getuserexternalidcustomfields.md
  - docs/sdk/models/operations/getuserexternalidgroups.md
  - docs/sdk/models/operations/getuserexternalidgroupusers.md
  - docs/sdk/models/operations/getuserexternalidrequest.md
  - docs/sdk/models/operations/getuserexternalidresponsebody.md
  - docs/sdk/models/operations/getuserexternaliduser.md
  - docs/sdk/models/operations/getuserexternaliduserauthtokens.md
  - docs/sdk/models/operations/getuserexternaliduserfields.md
  - docs/sdk/models/operations/getuserexternalidusernotificationschedule.md
  - docs/sdk/models/operations/getuserexternaliduseroption.md
  - docs/sdk/models/operations/getusergroups.md
  - docs/sdk/models/operations/getuseridentiyproviderexternalidcustomfields.md
  - docs/sdk/models/operations/getuseridentiyproviderexternalidgroups.md
  - docs/sdk/models/operations/getuseridentiyproviderexternalidgroupusers.md
  - docs/sdk/models/operations/getuseridentiyproviderexternalidrequest.md
  - docs/sdk/models/operations/getuseridentiyproviderexternalidresponsebody.md
  - docs/sdk/models/operations/getuseridentiyproviderexternaliduser.md
  - docs/sdk/models/operations/getuseridentiyproviderexternaliduserauthtokens.md
  - docs/sdk/models/operations/getuseridentiyproviderexternaliduserfields.md
  - docs/sdk/models/operations/getuseridentiyproviderexternalidusernotificationschedule.md
  - docs/sdk/models/operations/getuseridentiyproviderexternaliduseroption.md
  - docs/sdk/models/operations/getuserrequest.md
  - docs/sdk/models/operations/getuserresponsebody.md
  - docs/sdk/models/operations/getusersentprivatemessagesposters.md
  - docs/sdk/models/operations/getusersentprivatemessagesrequest.md
  - docs/sdk/models/operations/getusersentprivatemessagesresponsebody.md
  - docs/sdk/models/operations/getusersentprivatemessagestopiclist.md
  - docs/sdk/models/operations/getusersentprivatemessagestopics.md
  - docs/sdk/models/operations/getusersentprivatemessagesusers.md
  - docs/sdk/models/operations/grantedbies.md
  - docs/sdk/models/operations/group.md
  - docs/sdk/models/operations/groupedsearchresult.md
  - docs/sdk/models/operations/grouppermissions.md
  - docs/sdk/models/operations/groups.md
  - docs/sdk/models/operations/groupusers.md
  - docs/sdk/models/operations/hashtagconfigurations.md
  - docs/sdk/models/operations/hashtagicons.md
  - docs/sdk/models/operations/imapupdatedby.md
  - docs/sdk/models/operations/invitetotopicrequest.md
  - docs/sdk/models/operations/invitetotopicrequestbody.md
  - docs/sdk/models/operations/invitetotopicresponsebody.md
  - docs/sdk/models/operations/invitetotopicuser.md
  - docs/sdk/models/operations/lastposter.md
  - docs/sdk/models/operations/latestposts.md
  - docs/sdk/models/operations/linkcounts.md
  - docs/sdk/models/operations/listcategoriesrequest.md
  - docs/sdk/models/operations/listcategoriesresponsebody.md
  - docs/sdk/models/operations/listcategorytopicsposters.md
  - docs/sdk/models/operations/listcategorytopicsrequest.md
  - docs/sdk/models/operations/listcategorytopicsresponsebody.md
  - docs/sdk/models/operations/listgroupmembersrequest.md
  - docs/sdk/models/operations/listgroupmembersresponsebody.md
  - docs/sdk/models/operations/listgroupsextras.md
  - docs/sdk/models/operations/listgroupsresponsebody.md
  - docs/sdk/models/operations/listlatesttopicsposters.md
  - docs/sdk/models/operations/listlatesttopicsrequest.md
  - docs/sdk/models/operations/listlatesttopicsresponsebody.md
  - docs/sdk/models/operations/listlatesttopicstopiclist.md
  - docs/sdk/models/operations/listlatesttopicstopics.md
  - docs/sdk/models/operations/listlatesttopicsusers.md
  - docs/sdk/models/operations/listpostsactionssummary.md
  - docs/sdk/models/operations/listpostsrequest.md
  - docs/sdk/models/operations/listpostsresponsebody.md
  - docs/sdk/models/operations/listtaggroupspermissions.md
  - docs/sdk/models/operations/listtaggroupsresponsebody.md
  - docs/sdk/models/operations/listtagsextras.md
  - docs/sdk/models/operations/listtagsresponsebody.md
  - docs/sdk/models/operations/listtoptopicsposters.md
  - docs/sdk/models/operations/listtoptopicsrequest.md
  - docs/sdk/models/operations/listtoptopicsresponsebody.md
  - docs/sdk/models/operations/listtoptopicstopiclist.md
  - docs/sdk/models/operations/listtoptopicstopics.md
  - docs/sdk/models/operations/listtoptopicsusers.md
  - docs/sdk/models/operations/listuseractionsrequest.md
  - docs/sdk/models/operations/listuseractionsresponsebody.md
  - docs/sdk/models/operations/listuserbadgesbadges.md
  - docs/sdk/models/operations/listuserbadgesbadgetypes.md
  - docs/sdk/models/operations/listuserbadgesrequest.md
  - docs/sdk/models/operations/listuserbadgesresponsebody.md
  - docs/sdk/models/operations/listuserprivatemessagesparticipants.md
  - docs/sdk/models/operations/listuserprivatemessagesposters.md
  - docs/sdk/models/operations/listuserprivatemessagesrequest.md
  - docs/sdk/models/operations/listuserprivatemessagesresponsebody.md
  - docs/sdk/models/operations/listuserprivatemessagestopiclist.md
  - docs/sdk/models/operations/listuserprivatemessagestopics.md
  - docs/sdk/models/operations/listuserprivatemessagesusers.md
  - docs/sdk/models/operations/listuserspublicmeta.md
  - docs/sdk/models/operations/listuserspublicrequest.md
  - docs/sdk/models/operations/listuserspublicresponsebody.md
  - docs/sdk/models/operations/listuserspublicuser.md
  - docs/sdk/models/operations/lockpostrequest.md
  - docs/sdk/models/operations/lockpostrequestbody.md
  - docs/sdk/models/operations/lockpostresponsebody.md
  - docs/sdk/models/operations/logoutuserrequest.md
  - docs/sdk/models/operations/logoutuserresponsebody.md
  - docs/sdk/models/operations/markdownadditionaloptions.md
  - docs/sdk/models/operations/marknotificationsasreadrequestbody.md
  - docs/sdk/models/operations/marknotificationsasreadresponsebody.md
  - docs/sdk/models/operations/members.md
  - docs/sdk/models/operations/meta.md
  - docs/sdk/models/operations/metadata.md
  - docs/sdk/models/operations/notice.md
  - docs/sdk/models/operations/notificationlevel.md
  - docs/sdk/models/operations/notifications.md
  - docs/sdk/models/operations/notificationtypes.md
  - docs/sdk/models/operations/order.md
  - docs/sdk/models/operations/owners.md
  - docs/sdk/models/operations/participants.md
  - docs/sdk/models/operations/penaltycounts.md
  - docs/sdk/models/operations/performpostactionactionssummary.md
  - docs/sdk/models/operations/performpostactionrequest.md
  - docs/sdk/models/operations/performpostactionrequestbody.md
  - docs/sdk/models/operations/performpostactionresponsebody.md
  - docs/sdk/models/operations/period.md
  - docs/sdk/models/operations/permissions.md
  - docs/sdk/models/operations/post.md
  - docs/sdk/models/operations/postactiontypes.md
  - docs/sdk/models/operations/posters.md
  - docs/sdk/models/operations/postrepliesactionssummary.md
  - docs/sdk/models/operations/postrepliesrequest.md
  - docs/sdk/models/operations/postrepliesresponsebody.md
  - docs/sdk/models/operations/posts.md
  - docs/sdk/models/operations/poststream.md
  - docs/sdk/models/operations/posttypes.md
  - docs/sdk/models/operations/presignedurls.md
  - docs/sdk/models/operations/queryparamasc.md
  - docs/sdk/models/operations/queryparamorder.md
  - docs/sdk/models/operations/refreshgravatarrequest.md
  - docs/sdk/models/operations/refreshgravatarresponsebody.md
  - docs/sdk/models/operations/removegroupmembersrequest.md
  - docs/sdk/models/operations/removegroupmembersrequestbody.md
  - docs/sdk/models/operations/removegroupmembersresponsebody.md
  - docs/sdk/models/operations/removetopicrequest.md
  - docs/sdk/models/operations/replytouser.md
  - docs/sdk/models/operations/requiredtaggroups.md
  - docs/sdk/models/operations/responsebody.md
  - docs/sdk/models/operations/searchrequest.md
  - docs/sdk/models/operations/searchresponsebody.md
  - docs/sdk/models/operations/senddownloadbackupemailrequest.md
  - docs/sdk/models/operations/sendpasswordresetemailrequestbody.md
  - docs/sdk/models/operations/sendpasswordresetemailresponsebody.md
  - docs/sdk/models/operations/setnotificationlevelrequest.md
  - docs/sdk/models/operations/setnotificationlevelrequestbody.md
  - docs/sdk/models/operations/setnotificationlevelresponsebody.md
  - docs/sdk/models/operations/signedheaders.md
  - docs/sdk/models/operations/silence.md
  - docs/sdk/models/operations/silencedby.md
  - docs/sdk/models/operations/silenceuserrequest.md
  - docs/sdk/models/operations/silenceuserrequestbody.md
  - docs/sdk/models/operations/silenceuserresponsebody.md
  - docs/sdk/models/operations/smtpupdatedby.md
  - docs/sdk/models/operations/status.md
  - docs/sdk/models/operations/suggestedtopics.md
  - docs/sdk/models/operations/suspendedby.md
  - docs/sdk/models/operations/suspenduserrequest.md
  - docs/sdk/models/operations/suspenduserrequestbody.md
  - docs/sdk/models/operations/suspenduserresponsebody.md
  - docs/sdk/models/operations/suspension.md
  - docs/sdk/models/operations/taggroup.md
  - docs/sdk/models/operations/taggroups.md
  - docs/sdk/models/operations/tags.md
  - docs/sdk/models/operations/tagsdescriptions.md
  - docs/sdk/models/operations/tl3requirements.md
  - docs/sdk/models/operations/topic.md
  - docs/sdk/models/operations/topicflagtypes.md
  - docs/sdk/models/operations/topiclist.md
  - docs/sdk/models/operations/topics.md
  - docs/sdk/models/operations/triggers.md
  - docs/sdk/models/operations/trustlevels.md
  - docs/sdk/models/operations/type.md
  - docs/sdk/models/operations/updateavatarrequest.md
  - docs/sdk/models/operations/updateavatarrequestbody.md
  - docs/sdk/models/operations/updateavatarresponsebody.md
  - docs/sdk/models/operations/updateavatartype.md
  - docs/sdk/models/operations/updatebadgebadge.md
  - docs/sdk/models/operations/updatebadgebadgetypes.md
  - docs/sdk/models/operations/updatebadgerequest.md
  - docs/sdk/models/operations/updatebadgerequestbody.md
  - docs/sdk/models/operations/updatebadgeresponsebody.md
  - docs/sdk/models/operations/updatecategorycategory.md
  - docs/sdk/models/operations/updatecategorycustomfields.md
  - docs/sdk/models/operations/updatecategorygrouppermissions.md
  - docs/sdk/models/operations/updatecategorypermissions.md
  - docs/sdk/models/operations/updatecategoryrequest.md
  - docs/sdk/models/operations/updatecategoryrequestbody.md
  - docs/sdk/models/operations/updatecategoryrequiredtaggroups.md
  - docs/sdk/models/operations/updatecategoryresponsebody.md
  - docs/sdk/models/operations/updateemailrequest.md
  - docs/sdk/models/operations/updateemailrequestbody.md
  - docs/sdk/models/operations/updategroupgroup.md
  - docs/sdk/models/operations/updategrouprequest.md
  - docs/sdk/models/operations/updategrouprequestbody.md
  - docs/sdk/models/operations/updategroupresponsebody.md
  - docs/sdk/models/operations/updatepostactionssummary.md
  - docs/sdk/models/operations/updatepostpost.md
  - docs/sdk/models/operations/updatepostrequest.md
  - docs/sdk/models/operations/updatepostrequestbody.md
  - docs/sdk/models/operations/updatepostresponsebody.md
  - docs/sdk/models/operations/updatetaggrouppermissions.md
  - docs/sdk/models/operations/updatetaggrouprequest.md
  - docs/sdk/models/operations/updatetaggrouprequestbody.md
  - docs/sdk/models/operations/updatetaggroupresponsebody.md
  - docs/sdk/models/operations/updatetaggrouptaggroup.md
  - docs/sdk/models/operations/updatetopicrequest.md
  - docs/sdk/models/operations/updatetopicrequestbody.md
  - docs/sdk/models/operations/updatetopicresponsebody.md
  - docs/sdk/models/operations/updatetopicstatusrequest.md
  - docs/sdk/models/operations/updatetopicstatusrequestbody.md
  - docs/sdk/models/operations/updatetopicstatusresponsebody.md
  - docs/sdk/models/operations/updatetopictimestamprequest.md
  - docs/sdk/models/operations/updatetopictimestamprequestbody.md
  - docs/sdk/models/operations/updatetopictimestampresponsebody.md
  - docs/sdk/models/operations/updateuserexternalids.md
  - docs/sdk/models/operations/updateusernamerequest.md
  - docs/sdk/models/operations/updateusernamerequestbody.md
  - docs/sdk/models/operations/updateuserrequest.md
  - docs/sdk/models/operations/updateuserrequestbody.md
  - docs/sdk/models/operations/updateuserresponsebody.md
  - docs/sdk/models/operations/updateuseruser.md
  - docs/sdk/models/operations/uploadtype.md
  - docs/sdk/models/operations/user.md
  - docs/sdk/models/operations/useractions.md
  - docs/sdk/models/operations/userauthtokens.md
  - docs/sdk/models/operations/userbadges.md
  - docs/sdk/models/operations/usercolorschemes.md
  - docs/sdk/models/operations/userfields.md
  - docs/sdk/models/operations/usernotificationschedule.md
  - docs/sdk/models/operations/useroption.md
  - docs/sdk/models/operations/users.md
  - docs/sdk/models/operations/userthemes.md
  - docs/sdk/models/operations/usertips.md
  - docs/sdks/admin/README.md
  - docs/sdks/backups/README.md
  - docs/sdks/badges/README.md
  - docs/sdks/categories/README.md
  - docs/sdks/groups/README.md
  - docs/sdks/invites/README.md
  - docs/sdks/notifications/README.md
  - docs/sdks/posts/README.md
  - docs/sdks/privatemessages/README.md
  - docs/sdks/sdk/README.md
  - docs/sdks/search/README.md
  - docs/sdks/site/README.md
  - docs/sdks/tags/README.md
  - docs/sdks/topics/README.md
  - docs/sdks/uploads/README.md
  - docs/sdks/users/README.md
  - jsr.json
  - package.json
  - src/core.ts
  - src/funcs/adminActivateUser.ts
  - src/funcs/adminAdminGetUser.ts
  - src/funcs/adminAdminListUsers.ts
  - src/funcs/adminAnonymizeUser.ts
  - src/funcs/adminDeactivateUser.ts
  - src/funcs/adminDeleteUser.ts
  - src/funcs/adminLogOutUser.ts
  - src/funcs/adminRefreshGravatar.ts
  - src/funcs/adminSilenceUser.ts
  - src/funcs/adminSuspendUser.ts
  - src/funcs/backupsCreateBackup.ts
  - src/funcs/backupsDownloadBackup.ts
  - src/funcs/backupsGetBackups.ts
  - src/funcs/backupsSendDownloadBackupEmail.ts
  - src/funcs/badgesAdminListBadges.ts
  - src/funcs/badgesCreateBadge.ts
  - src/funcs/badgesDeleteBadge.ts
  - src/funcs/badgesListUserBadges.ts
  - src/funcs/badgesUpdateBadge.ts
  - src/funcs/categoriesCreateCategory.ts
  - src/funcs/categoriesGetCategory.ts
  - src/funcs/categoriesGetSite.ts
  - src/funcs/categoriesListCategories.ts
  - src/funcs/categoriesListCategoryTopics.ts
  - src/funcs/categoriesUpdateCategory.ts
  - src/funcs/groupsAddGroupMembers.ts
  - src/funcs/groupsCreateGroup.ts
  - src/funcs/groupsDeleteGroup.ts
  - src/funcs/groupsGetGroup.ts
  - src/funcs/groupsListGroupMembers.ts
  - src/funcs/groupsListGroups.ts
  - src/funcs/groupsRemoveGroupMembers.ts
  - src/funcs/groupsUpdateGroup.ts
  - src/funcs/invitesCreateInvite.ts
  - src/funcs/invitesInviteToTopic.ts
  - src/funcs/notificationsGetNotifications.ts
  - src/funcs/notificationsMarkNotificationsAsRead.ts
  - src/funcs/postsCreateTopicPostPM.ts
  - src/funcs/postsDeletePost.ts
  - src/funcs/postsGetPost.ts
  - src/funcs/postsListPosts.ts
  - src/funcs/postsLockPost.ts
  - src/funcs/postsPerformPostAction.ts
  - src/funcs/postsPostReplies.ts
  - src/funcs/postsUpdatePost.ts
  - src/funcs/privateMessagesCreateTopicPostPM.ts
  - src/funcs/privateMessagesGetUserSentPrivateMessages.ts
  - src/funcs/privateMessagesListUserPrivateMessages.ts
  - src/funcs/searchSearch.ts
  - src/funcs/siteGetSite.ts
  - src/funcs/tagsCreateTagGroup.ts
  - src/funcs/tagsGetTag.ts
  - src/funcs/tagsGetTagGroup.ts
  - src/funcs/tagsListTagGroups.ts
  - src/funcs/tagsListTags.ts
  - src/funcs/tagsUpdateTagGroup.ts
  - src/funcs/topicsBookmarkTopic.ts
  - src/funcs/topicsCreateTopicPostPM.ts
  - src/funcs/topicsCreateTopicTimer.ts
  - src/funcs/topicsGetTopic.ts
  - src/funcs/topicsGetTopicByExternalId.ts
  - src/funcs/topicsInviteToTopic.ts
  - src/funcs/topicsListLatestTopics.ts
  - src/funcs/topicsListTopTopics.ts
  - src/funcs/topicsRemoveTopic.ts
  - src/funcs/topicsSetNotificationLevel.ts
  - src/funcs/topicsUpdateTopic.ts
  - src/funcs/topicsUpdateTopicStatus.ts
  - src/funcs/topicsUpdateTopicTimestamp.ts
  - src/funcs/uploadsAbortMultipart.ts
  - src/funcs/uploadsBatchPresignMultipartParts.ts
  - src/funcs/uploadsCompleteExternalUpload.ts
  - src/funcs/uploadsCompleteMultipart.ts
  - src/funcs/uploadsCreateMultipartUpload.ts
  - src/funcs/uploadsCreateUpload.ts
  - src/funcs/uploadsGeneratePresignedPut.ts
  - src/funcs/usersActivateUser.ts
  - src/funcs/usersAdminGetUser.ts
  - src/funcs/usersAdminListUsers.ts
  - src/funcs/usersAnonymizeUser.ts
  - src/funcs/usersChangePassword.ts
  - src/funcs/usersCreateUser.ts
  - src/funcs/usersDeactivateUser.ts
  - src/funcs/usersDeleteUser.ts
  - src/funcs/usersGetUser.ts
  - src/funcs/usersGetUserEmails.ts
  - src/funcs/usersGetUserExternalId.ts
  - src/funcs/usersGetUserIdentiyProviderExternalId.ts
  - src/funcs/usersListUserActions.ts
  - src/funcs/usersListUserBadges.ts
  - src/funcs/usersListUsersPublic.ts
  - src/funcs/usersLogOutUser.ts
  - src/funcs/usersRefreshGravatar.ts
  - src/funcs/usersSendPasswordResetEmail.ts
  - src/funcs/usersSilenceUser.ts
  - src/funcs/usersSuspendUser.ts
  - src/funcs/usersUpdateAvatar.ts
  - src/funcs/usersUpdateEmail.ts
  - src/funcs/usersUpdateUser.ts
  - src/funcs/usersUpdateUsername.ts
  - src/hooks/hooks.ts
  - src/hooks/index.ts
  - src/hooks/types.ts
  - src/index.ts
  - src/lib/base64.ts
  - src/lib/config.ts
  - src/lib/dlv.ts
  - src/lib/encodings.ts
  - src/lib/files.ts
  - src/lib/http.ts
  - src/lib/is-plain-object.ts
  - src/lib/logger.ts
  - src/lib/matchers.ts
  - src/lib/primitives.ts
  - src/lib/retries.ts
  - src/lib/schemas.ts
  - src/lib/sdks.ts
  - src/lib/security.ts
  - src/lib/url.ts
  - src/sdk/admin.ts
  - src/sdk/backups.ts
  - src/sdk/badges.ts
  - src/sdk/categories.ts
  - src/sdk/groups.ts
  - src/sdk/index.ts
  - src/sdk/invites.ts
  - src/sdk/models/errors/httpclienterrors.ts
  - src/sdk/models/errors/index.ts
  - src/sdk/models/errors/sdkerror.ts
  - src/sdk/models/errors/sdkvalidationerror.ts
  - src/sdk/models/operations/abortmultipart.ts
  - src/sdk/models/operations/activateuser.ts
  - src/sdk/models/operations/addgroupmembers.ts
  - src/sdk/models/operations/admingetuser.ts
  - src/sdk/models/operations/adminlistbadges.ts
  - src/sdk/models/operations/adminlistusers.ts
  - src/sdk/models/operations/anonymizeuser.ts
  - src/sdk/models/operations/batchpresignmultipartparts.ts
  - src/sdk/models/operations/bookmarktopic.ts
  - src/sdk/models/operations/changepassword.ts
  - src/sdk/models/operations/completeexternalupload.ts
  - src/sdk/models/operations/completemultipart.ts
  - src/sdk/models/operations/createbackup.ts
  - src/sdk/models/operations/createbadge.ts
  - src/sdk/models/operations/createcategory.ts
  - src/sdk/models/operations/creategroup.ts
  - src/sdk/models/operations/createinvite.ts
  - src/sdk/models/operations/createmultipartupload.ts
  - src/sdk/models/operations/createtaggroup.ts
  - src/sdk/models/operations/createtopicpostpm.ts
  - src/sdk/models/operations/createtopictimer.ts
  - src/sdk/models/operations/createupload.ts
  - src/sdk/models/operations/createuser.ts
  - src/sdk/models/operations/deactivateuser.ts
  - src/sdk/models/operations/deletebadge.ts
  - src/sdk/models/operations/deletegroup.ts
  - src/sdk/models/operations/deletepost.ts
  - src/sdk/models/operations/deleteuser.ts
  - src/sdk/models/operations/downloadbackup.ts
  - src/sdk/models/operations/generatepresignedput.ts
  - src/sdk/models/operations/getbackups.ts
  - src/sdk/models/operations/getcategory.ts
  - src/sdk/models/operations/getgroup.ts
  - src/sdk/models/operations/getnotifications.ts
  - src/sdk/models/operations/getpost.ts
  - src/sdk/models/operations/getsite.ts
  - src/sdk/models/operations/gettag.ts
  - src/sdk/models/operations/gettaggroup.ts
  - src/sdk/models/operations/gettopic.ts
  - src/sdk/models/operations/gettopicbyexternalid.ts
  - src/sdk/models/operations/getuser.ts
  - src/sdk/models/operations/getuseremails.ts
  - src/sdk/models/operations/getuserexternalid.ts
  - src/sdk/models/operations/getuseridentiyproviderexternalid.ts
  - src/sdk/models/operations/getusersentprivatemessages.ts
  - src/sdk/models/operations/index.ts
  - src/sdk/models/operations/invitetotopic.ts
  - src/sdk/models/operations/listcategories.ts
  - src/sdk/models/operations/listcategorytopics.ts
  - src/sdk/models/operations/listgroupmembers.ts
  - src/sdk/models/operations/listgroups.ts
  - src/sdk/models/operations/listlatesttopics.ts
  - src/sdk/models/operations/listposts.ts
  - src/sdk/models/operations/listtaggroups.ts
  - src/sdk/models/operations/listtags.ts
  - src/sdk/models/operations/listtoptopics.ts
  - src/sdk/models/operations/listuseractions.ts
  - src/sdk/models/operations/listuserbadges.ts
  - src/sdk/models/operations/listuserprivatemessages.ts
  - src/sdk/models/operations/listuserspublic.ts
  - src/sdk/models/operations/lockpost.ts
  - src/sdk/models/operations/logoutuser.ts
  - src/sdk/models/operations/marknotificationsasread.ts
  - src/sdk/models/operations/performpostaction.ts
  - src/sdk/models/operations/postreplies.ts
  - src/sdk/models/operations/refreshgravatar.ts
  - src/sdk/models/operations/removegroupmembers.ts
  - src/sdk/models/operations/removetopic.ts
  - src/sdk/models/operations/search.ts
  - src/sdk/models/operations/senddownloadbackupemail.ts
  - src/sdk/models/operations/sendpasswordresetemail.ts
  - src/sdk/models/operations/setnotificationlevel.ts
  - src/sdk/models/operations/silenceuser.ts
  - src/sdk/models/operations/suspenduser.ts
  - src/sdk/models/operations/updateavatar.ts
  - src/sdk/models/operations/updatebadge.ts
  - src/sdk/models/operations/updatecategory.ts
  - src/sdk/models/operations/updateemail.ts
  - src/sdk/models/operations/updategroup.ts
  - src/sdk/models/operations/updatepost.ts
  - src/sdk/models/operations/updatetaggroup.ts
  - src/sdk/models/operations/updatetopic.ts
  - src/sdk/models/operations/updatetopicstatus.ts
  - src/sdk/models/operations/updatetopictimestamp.ts
  - src/sdk/models/operations/updateuser.ts
  - src/sdk/models/operations/updateusername.ts
  - src/sdk/notifications.ts
  - src/sdk/posts.ts
  - src/sdk/privatemessages.ts
  - src/sdk/sdk.ts
  - src/sdk/search.ts
  - src/sdk/site.ts
  - src/sdk/tags.ts
  - src/sdk/topics.ts
  - src/sdk/types/blobs.ts
  - src/sdk/types/constdatetime.ts
  - src/sdk/types/enums.ts
  - src/sdk/types/fp.ts
  - src/sdk/types/index.ts
  - src/sdk/types/operations.ts
  - src/sdk/types/rfcdate.ts
  - src/sdk/types/streams.ts
  - src/sdk/uploads.ts
  - src/sdk/users.ts
  - tsconfig.json
examples:
  createBackup:
    speakeasy-default-create-backup:
      responses:
        "200":
          application/json: {"success": "OK"}
  downloadBackup:
    speakeasy-default-download-backup:
      parameters:
        path:
          filename: "your_file_here"
        query:
          token: "<value>"
  getBackups:
    speakeasy-default-get-backups: {}
  sendDownloadBackupEmail:
    speakeasy-default-send-download-backup-email:
      parameters:
        path:
          filename: "your_file_here"
  adminListBadges:
    speakeasy-default-admin-list-badges: {}
  createBadge:
    speakeasy-default-create-badge: {}
  deleteBadge:
    speakeasy-default-delete-badge:
      parameters:
        path:
          id: 32345
  listUserBadges:
    speakeasy-default-list-user-badges:
      parameters:
        path:
          username: "Faustino28"
  updateBadge:
    speakeasy-default-update-badge:
      parameters:
        path:
          id: 280628
  addGroupMembers:
    speakeasy-default-add-group-members:
      parameters:
        path:
          id: 985975
      requestBody:
        application/json: {"usernames": "username1,username2"}
  createGroup:
    speakeasy-default-create-group: {}
  deleteGroup:
    speakeasy-default-delete-group:
      parameters:
        path:
          id: 21302
      responses:
        "200":
          application/json: {"success": "OK"}
  getGroup:
    "":
      parameters:
        path:
          id: "name"
  listGroupMembers:
    "":
      parameters:
        path:
          id: "name"
  listGroups:
    speakeasy-default-list-groups: {}
  removeGroupMembers:
    speakeasy-default-remove-group-members:
      parameters:
        path:
          id: 649523
      requestBody:
        application/json: {"usernames": "username1,username2"}
  updateGroup:
    speakeasy-default-update-group:
      parameters:
        path:
          id: 438471
      responses:
        "200":
          application/json: {"success": "OK"}
  activateUser:
    speakeasy-default-activate-user:
      parameters:
        path:
          id: 203554
      responses:
        "200":
          application/json: {"success": "OK"}
  adminGetUser:
    speakeasy-default-admin-get-user:
      parameters:
        path:
          id: 386776
  adminListUsers:
    speakeasy-default-admin-list-users:
      parameters:
        path:
          flag: "new"
        query: {}
  anonymizeUser:
    speakeasy-default-anonymize-user:
      parameters:
        path:
          id: 418778
  changePassword:
    speakeasy-default-change-password:
      parameters:
        path:
          token: "<value>"
  createUser:
    speakeasy-default-create-user:
      parameters:
        header:
          Api-Key: "<value>"
          Api-Username: "<value>"
  deactivateUser:
    speakeasy-default-deactivate-user:
      parameters:
        path:
          id: 143950
      responses:
        "200":
          application/json: {"success": "OK"}
  deleteUser:
    speakeasy-default-delete-user:
      parameters:
        path:
          id: 251343
  getUser:
    speakeasy-default-get-user:
      parameters:
        path:
          username: "Ned56"
        header:
          Api-Key: "<value>"
          Api-Username: "<value>"
  getUserEmails:
    speakeasy-default-get-user-emails:
      parameters:
        path:
          username: "Winifred_OConner64"
  getUserExternalId:
    speakeasy-default-get-user-external-id:
      parameters:
        path:
          external_id: "<value>"
        header:
          Api-Key: "<value>"
          Api-Username: "<value>"
  getUserIdentiyProviderExternalId:
    speakeasy-default-get-user-identiy-provider-external-id:
      parameters:
        path:
          provider: "<value>"
          external_id: "<value>"
        header:
          Api-Key: "<value>"
          Api-Username: "<value>"
  listUserActions:
    speakeasy-default-list-user-actions:
      parameters:
        query:
          offset: 620550
          username: "Deondre75"
          filter: "<value>"
  listUsersPublic:
    speakeasy-default-list-users-public:
      parameters:
        query:
          period: "monthly"
          order: "topic_count"
  logOutUser:
    speakeasy-default-log-out-user:
      parameters:
        path:
          id: 379568
      responses:
        "200":
          application/json: {"success": "OK"}
  refreshGravatar:
    speakeasy-default-refresh-gravatar:
      parameters:
        path:
          username: "Frances39"
  sendPasswordResetEmail:
    speakeasy-default-send-password-reset-email: {}
  silenceUser:
    speakeasy-default-silence-user:
      parameters:
        path:
          id: 606247
      requestBody:
        application/json: {"post_action": "delete", "silenced_till": "2022-06-01T08:00:00.000Z"}
  suspendUser:
    speakeasy-default-suspend-user:
      parameters:
        path:
          id: 970832
      requestBody:
        application/json: {"post_action": "delete", "reason": "<value>", "suspend_until": "2121-02-22"}
  updateAvatar:
    speakeasy-default-update-avatar:
      parameters:
        path:
          username: "Kadin32"
      responses:
        "200":
          application/json: {"success": "OK"}
  updateEmail:
    speakeasy-default-update-email:
      parameters:
        path:
          username: "Hobart_Lakin34"
  updateUser:
    speakeasy-default-update-user:
      parameters:
        path:
          username: "Dandre.Jast32"
        header:
          Api-Key: "<value>"
          Api-Username: "<value>"
  updateUsername:
    speakeasy-default-update-username:
      parameters:
        path:
          username: "Avis_Tremblay74"
  createCategory:
    speakeasy-default-create-category:
      requestBody:
        application/json: {"color": "49d9e9", "name": "<value>", "permissions": {"everyone": 1}, "text_color": "f0fcfd"}
  getCategory:
    speakeasy-default-get-category:
      parameters:
        path:
          id: 39147
  getSite:
    speakeasy-default-get-site: {}
  listCategories:
    speakeasy-default-list-categories: {}
  listCategoryTopics:
    speakeasy-default-list-category-topics:
      parameters:
        path:
          slug: "<value>"
          id: 394133
  updateCategory:
    speakeasy-default-update-category:
      parameters:
        path:
          id: 353500
      requestBody:
        application/json: {"color": "49d9e9", "name": "<value>", "permissions": {"everyone": 1}, "text_color": "f0fcfd"}
  createInvite:
    speakeasy-default-create-invite:
      parameters:
        header:
          Api-Key: "<value>"
          Api-Username: "<value>"
      requestBody:
        application/json: {"email": "not-a-user-yet@example.com", "group_ids": "42,43", "group_names": "foo,bar", "max_redemptions_allowed": 5}
      responses:
        "200":
          application/json: {"created_at": "2021-01-01T12:00:00.000Z", "custom_message": "Hello world!", "email": "not-a-user-yet@example.com", "emailed": false, "expired": false, "expires_at": "2021-02-01T12:00:00.000Z", "groups": [], "id": 42, "link": "http://example.com/invites/9045fd767efe201ca60c6658bcf14158", "topics": [], "updated_at": "2021-01-01T12:00:00.000Z"}
  inviteToTopic:
    speakeasy-default-invite-to-topic:
      parameters:
        path:
          id: "<id>"
        header:
          Api-Key: "<value>"
          Api-Username: "<value>"
  bookmarkTopic:
    speakeasy-default-bookmark-topic:
      parameters:
        path:
          id: "<id>"
        header:
          Api-Key: "<value>"
          Api-Username: "<value>"
  createTopicPostPM:
    speakeasy-default-create-topic-post-PM:
      requestBody:
        application/json: {"archetype": "private_message", "raw": "<value>", "target_recipients": "blake,sam"}
  createTopicTimer:
    speakeasy-default-create-topic-timer:
      parameters:
        path:
          id: "<id>"
        header:
          Api-Key: "<value>"
          Api-Username: "<value>"
      requestBody:
        application/json: {"time": ""}
      responses:
        "200":
          application/json: {"success": "OK"}
  getTopic:
    speakeasy-default-get-topic:
      parameters:
        path:
          id: "<id>"
        header:
          Api-Key: "<value>"
          Api-Username: "<value>"
  getTopicByExternalId:
    speakeasy-default-get-topic-by-external-id:
      parameters:
        path:
          external_id: "<value>"
  listLatestTopics:
    speakeasy-default-list-latest-topics:
      parameters:
        header:
          Api-Key: "<value>"
          Api-Username: "<value>"
  listTopTopics:
    speakeasy-default-list-top-topics:
      parameters:
        header:
          Api-Key: "<value>"
          Api-Username: "<value>"
  removeTopic:
    speakeasy-default-remove-topic:
      parameters:
        path:
          id: "<id>"
        header:
          Api-Key: "<value>"
          Api-Username: "<value>"
  setNotificationLevel:
    speakeasy-default-set-notification-level:
      parameters:
        path:
          id: "<id>"
        header:
          Api-Key: "<value>"
          Api-Username: "<value>"
      responses:
        "200":
          application/json: {"success": "OK"}
  updateTopic:
    speakeasy-default-update-topic:
      parameters:
        path:
          id: "<id>"
        header:
          Api-Key: "<value>"
          Api-Username: "<value>"
  updateTopicStatus:
    speakeasy-default-update-topic-status:
      parameters:
        path:
          id: "<id>"
        header:
          Api-Key: "<value>"
          Api-Username: "<value>"
      requestBody:
        application/json: {"enabled": "false", "status": "pinned_globally", "until": "2030-12-31"}
      responses:
        "200":
          application/json: {"success": "OK"}
  updateTopicTimestamp:
    speakeasy-default-update-topic-timestamp:
      parameters:
        path:
          id: "<id>"
        header:
          Api-Key: "<value>"
          Api-Username: "<value>"
      requestBody:
        application/json: {"timestamp": "1594291380"}
      responses:
        "200":
          application/json: {"success": "OK"}
  getNotifications:
    speakeasy-default-get-notifications: {}
  markNotificationsAsRead:
    speakeasy-default-mark-notifications-as-read: {}
  deletePost:
    speakeasy-default-delete-post:
      parameters:
        path:
          id: 188146
      requestBody:
        application/json: {"force_destroy": true}
  getPost:
    speakeasy-default-get-post:
      parameters:
        path:
          id: "<id>"
  listPosts:
    speakeasy-default-list-posts:
      parameters:
        header:
          Api-Key: "<value>"
          Api-Username: "<value>"
  lockPost:
    speakeasy-default-lock-post:
      parameters:
        path:
          id: "<id>"
        header:
          Api-Key: "<value>"
          Api-Username: "<value>"
  performPostAction:
    speakeasy-default-perform-post-action:
      parameters:
        header:
          Api-Key: "<value>"
          Api-Username: "<value>"
  postReplies:
    speakeasy-default-post-replies:
      parameters:
        path:
          id: "<id>"
  updatePost:
    speakeasy-default-update-post:
      parameters:
        path:
          id: "<id>"
  getUserSentPrivateMessages:
    speakeasy-default-get-user-sent-private-messages:
      parameters:
        path:
          username: "Nathanial38"
  listUserPrivateMessages:
    speakeasy-default-list-user-private-messages:
      parameters:
        path:
          username: "Liliana_West71"
  search:
    "":
      parameters:
        query:
          q: "api @blake #support tags:api after:2021-06-04 in:unseen in:open order:latest_topic"
          page: 1
  createTagGroup:
    speakeasy-default-create-tag-group: {}
  getTag:
    speakeasy-default-get-tag:
      parameters:
        path:
          name: "<value>"
  getTagGroup:
    speakeasy-default-get-tag-group:
      parameters:
        path:
          id: "<id>"
  listTagGroups:
    speakeasy-default-list-tag-groups: {}
  listTags:
    speakeasy-default-list-tags: {}
  updateTagGroup:
    speakeasy-default-update-tag-group:
      parameters:
        path:
          id: "<id>"
  abortMultipart:
    speakeasy-default-abort-multipart:
      requestBody:
        application/json: {"external_upload_identifier": "84x83tmxy398t3y._Q_z8CoJYVr69bE6D7f8J6Oo0434QquLFoYdGVerWFx9X5HDEI_TP_95c34n853495x35345394.d.ghQ"}
      responses:
        "200":
          application/json: {"success": "OK"}
  batchPresignMultipartParts:
    speakeasy-default-batch-presign-multipart-parts:
      requestBody:
        application/json: {"part_numbers": [1, 2, 3], "unique_identifier": "66e86218-80d9-4bda-b4d5-2b6def968705"}
      responses:
        "200":
          application/json: {}
  completeExternalUpload:
    speakeasy-default-complete-external-upload:
      requestBody:
        application/json: {"for_private_message": "true", "for_site_setting": "true", "pasted": "true", "unique_identifier": "66e86218-80d9-4bda-b4d5-2b6def968705"}
  completeMultipart:
    speakeasy-default-complete-multipart:
      requestBody:
        application/json: {"parts": [{"part_number": 1, "etag": "0c376dcfcc2606f4335bbc732de93344"}, {"part_number": 2, "etag": "09ert8cfcc2606f4335bbc732de91122"}], "unique_identifier": "66e86218-80d9-4bda-b4d5-2b6def968705"}
  createMultipartUpload:
    speakeasy-default-create-multipart-upload:
      requestBody:
        application/json: {"file_name": "IMG_2021.jpeg", "file_size": 4096, "upload_type": "card_background"}
      responses:
        "200":
          application/json: {"external_upload_identifier": "84x83tmxy398t3y._Q_z8CoJYVr69bE6D7f8J6Oo0434QquLFoYdGVerWFx9X5HDEI_TP_95c34n853495x35345394.d.ghQ", "key": "temp/site/uploads/default/12345/67890.jpg", "unique_identifier": "66e86218-80d9-4bda-b4d5-2b6def968705"}
  createUpload:
    speakeasy-default-create-upload: {}
  generatePresignedPut:
    speakeasy-default-generate-presigned-put:
      requestBody:
        application/json: {"file_name": "IMG_2021.jpeg", "file_size": 4096, "type": "card_background"}
      responses:
        "200":
          application/json: {"key": "temp/site/uploads/default/12345/67890.jpg", "unique_identifier": "66e86218-80d9-4bda-b4d5-2b6def968705", "url": "https://file-uploads.s3.us-west-2.amazonaws.com/temp/site/uploads/default/123/456.jpg?x-amz-acl=private&x-amz-meta-sha1-checksum=sha1&X-Amz-Algorithm=AWS4-HMAC-SHA256&X-Amz-Credential=AAAAus-west-2%2Fs3%2Faws4_request&X-Amz-Date=20211221T011246Z&X-Amz-Expires=600&X-Amz-SignedHeaders=host&X-Amz-Signature=12345678"}
