lockVersion: 2.0.0
id: 599a9576-4665-431e-be1e-44cc13ef28aa
management:
  docChecksum: dd4d04e62622de8f631720b5be68964d
  docVersion: latest
  speakeasyVersion: internal
  generationVersion: 2.272.4
  releaseVersion: 0.4.3
  configChecksum: 21d41a702a8be1db8d9e1ac81d563179
  repoURL: https://github.com/LukeHagar/discoursejs.git
  repoSubDirectory: .
  installationURL: https://github.com/LukeHagar/discoursejs
  published: true
features:
  typescript:
    core: 3.4.8
    deprecations: 2.81.1
    flattening: 2.81.1
    globalServerURLs: 2.82.1
generatedFiles:
  - src/sdk/backups.ts
  - src/sdk/badges.ts
  - src/sdk/groups.ts
  - src/sdk/users.ts
  - src/sdk/admin.ts
  - src/sdk/categories.ts
  - src/sdk/invites.ts
  - src/sdk/topics.ts
  - src/sdk/notifications.ts
  - src/sdk/posts.ts
  - src/sdk/privatemessages.ts
  - src/sdk/search.ts
  - src/sdk/site.ts
  - src/sdk/tags.ts
  - src/sdk/uploads.ts
  - src/sdk/sdk.ts
  - .eslintrc.yml
  - jest.config.js
  - package-lock.json
  - package.json
  - src/index.ts
  - src/internal/utils/contenttype.ts
  - src/internal/utils/headers.ts
  - src/internal/utils/index.ts
  - src/internal/utils/pathparams.ts
  - src/internal/utils/queryparams.ts
  - src/internal/utils/requestbody.ts
  - src/internal/utils/retries.ts
  - src/internal/utils/security.ts
  - src/internal/utils/utils.ts
  - src/sdk/index.ts
  - src/sdk/models/errors/sdkerror.ts
  - src/sdk/types/index.ts
  - src/sdk/types/rfcdate.ts
  - tsconfig.json
  - src/sdk/models/operations/createbackup.ts
  - src/sdk/models/operations/downloadbackup.ts
  - src/sdk/models/operations/getbackups.ts
  - src/sdk/models/operations/senddownloadbackupemail.ts
  - src/sdk/models/operations/adminlistbadges.ts
  - src/sdk/models/operations/createbadge.ts
  - src/sdk/models/operations/deletebadge.ts
  - src/sdk/models/operations/listuserbadges.ts
  - src/sdk/models/operations/updatebadge.ts
  - src/sdk/models/operations/addgroupmembers.ts
  - src/sdk/models/operations/creategroup.ts
  - src/sdk/models/operations/deletegroup.ts
  - src/sdk/models/operations/getgroup.ts
  - src/sdk/models/operations/listgroupmembers.ts
  - src/sdk/models/operations/listgroups.ts
  - src/sdk/models/operations/removegroupmembers.ts
  - src/sdk/models/operations/updategroup.ts
  - src/sdk/models/operations/activateuser.ts
  - src/sdk/models/operations/admingetuser.ts
  - src/sdk/models/operations/adminlistusers.ts
  - src/sdk/models/operations/anonymizeuser.ts
  - src/sdk/models/operations/changepassword.ts
  - src/sdk/models/operations/createuser.ts
  - src/sdk/models/operations/deactivateuser.ts
  - src/sdk/models/operations/deleteuser.ts
  - src/sdk/models/operations/getuser.ts
  - src/sdk/models/operations/getuseremails.ts
  - src/sdk/models/operations/getuserexternalid.ts
  - src/sdk/models/operations/getuseridentiyproviderexternalid.ts
  - src/sdk/models/operations/listuseractions.ts
  - src/sdk/models/operations/listuserspublic.ts
  - src/sdk/models/operations/logoutuser.ts
  - src/sdk/models/operations/refreshgravatar.ts
  - src/sdk/models/operations/sendpasswordresetemail.ts
  - src/sdk/models/operations/silenceuser.ts
  - src/sdk/models/operations/suspenduser.ts
  - src/sdk/models/operations/updateavatar.ts
  - src/sdk/models/operations/updateemail.ts
  - src/sdk/models/operations/updateuser.ts
  - src/sdk/models/operations/updateusername.ts
  - src/sdk/models/operations/createcategory.ts
  - src/sdk/models/operations/getcategory.ts
  - src/sdk/models/operations/getsite.ts
  - src/sdk/models/operations/listcategories.ts
  - src/sdk/models/operations/listcategorytopics.ts
  - src/sdk/models/operations/updatecategory.ts
  - src/sdk/models/operations/createinvite.ts
  - src/sdk/models/operations/invitetotopic.ts
  - src/sdk/models/operations/bookmarktopic.ts
  - src/sdk/models/operations/createtopicpostpm.ts
  - src/sdk/models/operations/createtopictimer.ts
  - src/sdk/models/operations/gettopic.ts
  - src/sdk/models/operations/gettopicbyexternalid.ts
  - src/sdk/models/operations/listlatesttopics.ts
  - src/sdk/models/operations/listtoptopics.ts
  - src/sdk/models/operations/removetopic.ts
  - src/sdk/models/operations/setnotificationlevel.ts
  - src/sdk/models/operations/updatetopic.ts
  - src/sdk/models/operations/updatetopicstatus.ts
  - src/sdk/models/operations/updatetopictimestamp.ts
  - src/sdk/models/operations/getnotifications.ts
  - src/sdk/models/operations/marknotificationsasread.ts
  - src/sdk/models/operations/deletepost.ts
  - src/sdk/models/operations/getpost.ts
  - src/sdk/models/operations/listposts.ts
  - src/sdk/models/operations/lockpost.ts
  - src/sdk/models/operations/performpostaction.ts
  - src/sdk/models/operations/postreplies.ts
  - src/sdk/models/operations/updatepost.ts
  - src/sdk/models/operations/getusersentprivatemessages.ts
  - src/sdk/models/operations/listuserprivatemessages.ts
  - src/sdk/models/operations/search.ts
  - src/sdk/models/operations/createtaggroup.ts
  - src/sdk/models/operations/gettag.ts
  - src/sdk/models/operations/gettaggroup.ts
  - src/sdk/models/operations/listtaggroups.ts
  - src/sdk/models/operations/listtags.ts
  - src/sdk/models/operations/updatetaggroup.ts
  - src/sdk/models/operations/abortmultipart.ts
  - src/sdk/models/operations/batchpresignmultipartparts.ts
  - src/sdk/models/operations/completeexternalupload.ts
  - src/sdk/models/operations/completemultipart.ts
  - src/sdk/models/operations/createmultipartupload.ts
  - src/sdk/models/operations/createupload.ts
  - src/sdk/models/operations/generatepresignedput.ts
  - src/sdk/models/errors/index.ts
  - src/sdk/models/operations/index.ts
  - docs/sdk/models/operations/createbackuprequestbody.md
  - docs/sdk/models/operations/createbackupresponsebody.md
  - docs/sdk/models/operations/createbackupresponse.md
  - docs/sdk/models/operations/downloadbackuprequest.md
  - docs/sdk/models/operations/downloadbackupresponse.md
  - docs/sdk/models/operations/responsebody.md
  - docs/sdk/models/operations/getbackupsresponse.md
  - docs/sdk/models/operations/senddownloadbackupemailrequest.md
  - docs/sdk/models/operations/senddownloadbackupemailresponse.md
  - docs/sdk/models/operations/triggers.md
  - docs/sdk/models/operations/adminbadges.md
  - docs/sdk/models/operations/badgegroupings.md
  - docs/sdk/models/operations/badgetypes.md
  - docs/sdk/models/operations/badges.md
  - docs/sdk/models/operations/adminlistbadgesresponsebody.md
  - docs/sdk/models/operations/adminlistbadgesresponse.md
  - docs/sdk/models/operations/createbadgerequestbody.md
  - docs/sdk/models/operations/badge.md
  - docs/sdk/models/operations/createbadgebadgetypes.md
  - docs/sdk/models/operations/createbadgeresponsebody.md
  - docs/sdk/models/operations/createbadgeresponse.md
  - docs/sdk/models/operations/deletebadgerequest.md
  - docs/sdk/models/operations/deletebadgeresponse.md
  - docs/sdk/models/operations/listuserbadgesrequest.md
  - docs/sdk/models/operations/listuserbadgesbadgetypes.md
  - docs/sdk/models/operations/listuserbadgesbadges.md
  - docs/sdk/models/operations/grantedbies.md
  - docs/sdk/models/operations/userbadges.md
  - docs/sdk/models/operations/listuserbadgesresponsebody.md
  - docs/sdk/models/operations/listuserbadgesresponse.md
  - docs/sdk/models/operations/updatebadgerequestbody.md
  - docs/sdk/models/operations/updatebadgerequest.md
  - docs/sdk/models/operations/updatebadgebadge.md
  - docs/sdk/models/operations/updatebadgebadgetypes.md
  - docs/sdk/models/operations/updatebadgeresponsebody.md
  - docs/sdk/models/operations/updatebadgeresponse.md
  - docs/sdk/models/operations/addgroupmembersrequestbody.md
  - docs/sdk/models/operations/addgroupmembersrequest.md
  - docs/sdk/models/operations/addgroupmembersresponsebody.md
  - docs/sdk/models/operations/addgroupmembersresponse.md
  - docs/sdk/models/operations/group.md
  - docs/sdk/models/operations/creategrouprequestbody.md
  - docs/sdk/models/operations/basicgroup.md
  - docs/sdk/models/operations/creategroupresponsebody.md
  - docs/sdk/models/operations/creategroupresponse.md
  - docs/sdk/models/operations/deletegrouprequest.md
  - docs/sdk/models/operations/deletegroupresponsebody.md
  - docs/sdk/models/operations/deletegroupresponse.md
  - docs/sdk/models/operations/getgrouprequest.md
  - docs/sdk/models/operations/extras.md
  - docs/sdk/models/operations/imapupdatedby.md
  - docs/sdk/models/operations/smtpupdatedby.md
  - docs/sdk/models/operations/getgroupgroup.md
  - docs/sdk/models/operations/getgroupresponsebody.md
  - docs/sdk/models/operations/getgroupresponse.md
  - docs/sdk/models/operations/listgroupmembersrequest.md
  - docs/sdk/models/operations/members.md
  - docs/sdk/models/operations/meta.md
  - docs/sdk/models/operations/owners.md
  - docs/sdk/models/operations/listgroupmembersresponsebody.md
  - docs/sdk/models/operations/listgroupmembersresponse.md
  - docs/sdk/models/operations/listgroupsextras.md
  - docs/sdk/models/operations/groups.md
  - docs/sdk/models/operations/listgroupsresponsebody.md
  - docs/sdk/models/operations/listgroupsresponse.md
  - docs/sdk/models/operations/removegroupmembersrequestbody.md
  - docs/sdk/models/operations/removegroupmembersrequest.md
  - docs/sdk/models/operations/removegroupmembersresponsebody.md
  - docs/sdk/models/operations/removegroupmembersresponse.md
  - docs/sdk/models/operations/updategroupgroup.md
  - docs/sdk/models/operations/updategrouprequestbody.md
  - docs/sdk/models/operations/updategrouprequest.md
  - docs/sdk/models/operations/updategroupresponsebody.md
  - docs/sdk/models/operations/updategroupresponse.md
  - docs/sdk/models/operations/activateuserrequest.md
  - docs/sdk/models/operations/activateuserresponsebody.md
  - docs/sdk/models/operations/activateuserresponse.md
  - docs/sdk/models/operations/admingetuserrequest.md
  - docs/sdk/models/operations/approvedby.md
  - docs/sdk/models/operations/admingetuserexternalids.md
  - docs/sdk/models/operations/admingetusergroups.md
  - docs/sdk/models/operations/penaltycounts.md
  - docs/sdk/models/operations/admingetuserpenaltycounts.md
  - docs/sdk/models/operations/tl3requirements.md
  - docs/sdk/models/operations/admingetuserresponsebody.md
  - docs/sdk/models/operations/admingetuserresponse.md
  - docs/sdk/models/operations/queryparamasc.md
  - docs/sdk/models/operations/flag.md
  - docs/sdk/models/operations/queryparamorder.md
  - docs/sdk/models/operations/adminlistusersrequest.md
  - docs/sdk/models/operations/adminlistusersresponsebody.md
  - docs/sdk/models/operations/adminlistusersresponse.md
  - docs/sdk/models/operations/anonymizeuserrequest.md
  - docs/sdk/models/operations/anonymizeuserresponsebody.md
  - docs/sdk/models/operations/anonymizeuserresponse.md
  - docs/sdk/models/operations/changepasswordrequestbody.md
  - docs/sdk/models/operations/changepasswordrequest.md
  - docs/sdk/models/operations/changepasswordresponse.md
  - docs/sdk/models/operations/externalids.md
  - docs/sdk/models/operations/createuserrequestbody.md
  - docs/sdk/models/operations/createuserrequest.md
  - docs/sdk/models/operations/createuserresponsebody.md
  - docs/sdk/models/operations/createuserresponse.md
  - docs/sdk/models/operations/deactivateuserrequest.md
  - docs/sdk/models/operations/deactivateuserresponsebody.md
  - docs/sdk/models/operations/deactivateuserresponse.md
  - docs/sdk/models/operations/deleteuserrequestbody.md
  - docs/sdk/models/operations/deleteuserrequest.md
  - docs/sdk/models/operations/deleteuserresponsebody.md
  - docs/sdk/models/operations/deleteuserresponse.md
  - docs/sdk/models/operations/getuserrequest.md
  - docs/sdk/models/operations/getusercustomfields.md
  - docs/sdk/models/operations/groupusers.md
  - docs/sdk/models/operations/getusergroups.md
  - docs/sdk/models/operations/userauthtokens.md
  - docs/sdk/models/operations/userfields.md
  - docs/sdk/models/operations/usernotificationschedule.md
  - docs/sdk/models/operations/useroption.md
  - docs/sdk/models/operations/user.md
  - docs/sdk/models/operations/getuserresponsebody.md
  - docs/sdk/models/operations/getuserresponse.md
  - docs/sdk/models/operations/getuseremailsrequest.md
  - docs/sdk/models/operations/getuseremailsresponsebody.md
  - docs/sdk/models/operations/getuseremailsresponse.md
  - docs/sdk/models/operations/getuserexternalidrequest.md
  - docs/sdk/models/operations/getuserexternalidcustomfields.md
  - docs/sdk/models/operations/getuserexternalidgroupusers.md
  - docs/sdk/models/operations/getuserexternalidgroups.md
  - docs/sdk/models/operations/getuserexternaliduserauthtokens.md
  - docs/sdk/models/operations/getuserexternaliduserfields.md
  - docs/sdk/models/operations/getuserexternalidusernotificationschedule.md
  - docs/sdk/models/operations/getuserexternaliduseroption.md
  - docs/sdk/models/operations/getuserexternaliduser.md
  - docs/sdk/models/operations/getuserexternalidresponsebody.md
  - docs/sdk/models/operations/getuserexternalidresponse.md
  - docs/sdk/models/operations/getuseridentiyproviderexternalidrequest.md
  - docs/sdk/models/operations/getuseridentiyproviderexternalidcustomfields.md
  - docs/sdk/models/operations/getuseridentiyproviderexternalidgroupusers.md
  - docs/sdk/models/operations/getuseridentiyproviderexternalidgroups.md
  - docs/sdk/models/operations/getuseridentiyproviderexternaliduserauthtokens.md
  - docs/sdk/models/operations/getuseridentiyproviderexternaliduserfields.md
  - docs/sdk/models/operations/getuseridentiyproviderexternalidusernotificationschedule.md
  - docs/sdk/models/operations/getuseridentiyproviderexternaliduseroption.md
  - docs/sdk/models/operations/getuseridentiyproviderexternaliduser.md
  - docs/sdk/models/operations/getuseridentiyproviderexternalidresponsebody.md
  - docs/sdk/models/operations/getuseridentiyproviderexternalidresponse.md
  - docs/sdk/models/operations/listuseractionsrequest.md
  - docs/sdk/models/operations/useractions.md
  - docs/sdk/models/operations/listuseractionsresponsebody.md
  - docs/sdk/models/operations/listuseractionsresponse.md
  - docs/sdk/models/operations/asc.md
  - docs/sdk/models/operations/order.md
  - docs/sdk/models/operations/period.md
  - docs/sdk/models/operations/listuserspublicrequest.md
  - docs/sdk/models/operations/listuserspublicuser.md
  - docs/sdk/models/operations/directoryitems.md
  - docs/sdk/models/operations/listuserspublicmeta.md
  - docs/sdk/models/operations/listuserspublicresponsebody.md
  - docs/sdk/models/operations/listuserspublicresponse.md
  - docs/sdk/models/operations/logoutuserrequest.md
  - docs/sdk/models/operations/logoutuserresponsebody.md
  - docs/sdk/models/operations/logoutuserresponse.md
  - docs/sdk/models/operations/refreshgravatarrequest.md
  - docs/sdk/models/operations/refreshgravatarresponsebody.md
  - docs/sdk/models/operations/refreshgravatarresponse.md
  - docs/sdk/models/operations/sendpasswordresetemailrequestbody.md
  - docs/sdk/models/operations/sendpasswordresetemailresponsebody.md
  - docs/sdk/models/operations/sendpasswordresetemailresponse.md
  - docs/sdk/models/operations/silenceuserrequestbody.md
  - docs/sdk/models/operations/silenceuserrequest.md
  - docs/sdk/models/operations/silencedby.md
  - docs/sdk/models/operations/silence.md
  - docs/sdk/models/operations/silenceuserresponsebody.md
  - docs/sdk/models/operations/silenceuserresponse.md
  - docs/sdk/models/operations/suspenduserrequestbody.md
  - docs/sdk/models/operations/suspenduserrequest.md
  - docs/sdk/models/operations/suspendedby.md
  - docs/sdk/models/operations/suspension.md
  - docs/sdk/models/operations/suspenduserresponsebody.md
  - docs/sdk/models/operations/suspenduserresponse.md
  - docs/sdk/models/operations/updateavatartype.md
  - docs/sdk/models/operations/updateavatarrequestbody.md
  - docs/sdk/models/operations/updateavatarrequest.md
  - docs/sdk/models/operations/updateavatarresponsebody.md
  - docs/sdk/models/operations/updateavatarresponse.md
  - docs/sdk/models/operations/updateemailrequestbody.md
  - docs/sdk/models/operations/updateemailrequest.md
  - docs/sdk/models/operations/updateemailresponse.md
  - docs/sdk/models/operations/updateuserexternalids.md
  - docs/sdk/models/operations/updateuserrequestbody.md
  - docs/sdk/models/operations/updateuserrequest.md
  - docs/sdk/models/operations/updateuseruser.md
  - docs/sdk/models/operations/updateuserresponsebody.md
  - docs/sdk/models/operations/updateuserresponse.md
  - docs/sdk/models/operations/updateusernamerequestbody.md
  - docs/sdk/models/operations/updateusernamerequest.md
  - docs/sdk/models/operations/updateusernameresponse.md
  - docs/sdk/models/operations/createcategoryrequestbody.md
  - docs/sdk/models/operations/customfields.md
  - docs/sdk/models/operations/grouppermissions.md
  - docs/sdk/models/operations/requiredtaggroups.md
  - docs/sdk/models/operations/category.md
  - docs/sdk/models/operations/createcategoryresponsebody.md
  - docs/sdk/models/operations/createcategoryresponse.md
  - docs/sdk/models/operations/getcategoryrequest.md
  - docs/sdk/models/operations/getcategorycustomfields.md
  - docs/sdk/models/operations/getcategorygrouppermissions.md
  - docs/sdk/models/operations/getcategoryrequiredtaggroups.md
  - docs/sdk/models/operations/getcategorycategory.md
  - docs/sdk/models/operations/getcategoryresponsebody.md
  - docs/sdk/models/operations/getcategoryresponse.md
  - docs/sdk/models/operations/archetypes.md
  - docs/sdk/models/operations/getsiterequiredtaggroups.md
  - docs/sdk/models/operations/getsitecategories.md
  - docs/sdk/models/operations/censoredregexp.md
  - docs/sdk/models/operations/customemojitranslation.md
  - docs/sdk/models/operations/defaultdarkcolorscheme.md
  - docs/sdk/models/operations/getsitegroups.md
  - docs/sdk/models/operations/hashtagconfigurations.md
  - docs/sdk/models/operations/hashtagicons.md
  - docs/sdk/models/operations/markdownadditionaloptions.md
  - docs/sdk/models/operations/notificationtypes.md
  - docs/sdk/models/operations/postactiontypes.md
  - docs/sdk/models/operations/posttypes.md
  - docs/sdk/models/operations/topicflagtypes.md
  - docs/sdk/models/operations/trustlevels.md
  - docs/sdk/models/operations/usercolorschemes.md
  - docs/sdk/models/operations/userthemes.md
  - docs/sdk/models/operations/usertips.md
  - docs/sdk/models/operations/getsiteresponsebody.md
  - docs/sdk/models/operations/getsiteresponse.md
  - docs/sdk/models/operations/listcategoriesrequest.md
  - docs/sdk/models/operations/categories.md
  - docs/sdk/models/operations/categorylist.md
  - docs/sdk/models/operations/listcategoriesresponsebody.md
  - docs/sdk/models/operations/listcategoriesresponse.md
  - docs/sdk/models/operations/listcategorytopicsrequest.md
  - docs/sdk/models/operations/listcategorytopicsposters.md
  - docs/sdk/models/operations/topics.md
  - docs/sdk/models/operations/topiclist.md
  - docs/sdk/models/operations/users.md
  - docs/sdk/models/operations/listcategorytopicsresponsebody.md
  - docs/sdk/models/operations/listcategorytopicsresponse.md
  - docs/sdk/models/operations/updatecategoryrequestbody.md
  - docs/sdk/models/operations/updatecategoryrequest.md
  - docs/sdk/models/operations/updatecategorycustomfields.md
  - docs/sdk/models/operations/updatecategorygrouppermissions.md
  - docs/sdk/models/operations/updatecategoryrequiredtaggroups.md
  - docs/sdk/models/operations/updatecategorycategory.md
  - docs/sdk/models/operations/updatecategoryresponsebody.md
  - docs/sdk/models/operations/updatecategoryresponse.md
  - docs/sdk/models/operations/createinviterequestbody.md
  - docs/sdk/models/operations/createinviterequest.md
  - docs/sdk/models/operations/createinviteresponsebody.md
  - docs/sdk/models/operations/createinviteresponse.md
  - docs/sdk/models/operations/invitetotopicrequestbody.md
  - docs/sdk/models/operations/invitetotopicrequest.md
  - docs/sdk/models/operations/invitetotopicuser.md
  - docs/sdk/models/operations/invitetotopicresponsebody.md
  - docs/sdk/models/operations/invitetotopicresponse.md
  - docs/sdk/models/operations/bookmarktopicrequest.md
  - docs/sdk/models/operations/bookmarktopicresponse.md
  - docs/sdk/models/operations/createtopicpostpmrequestbody.md
  - docs/sdk/models/operations/createtopicpostpmactionssummary.md
  - docs/sdk/models/operations/createtopicpostpmresponsebody.md
  - docs/sdk/models/operations/createtopicpostpmresponse.md
  - docs/sdk/models/operations/createtopictimerrequestbody.md
  - docs/sdk/models/operations/createtopictimerrequest.md
  - docs/sdk/models/operations/createtopictimerresponsebody.md
  - docs/sdk/models/operations/createtopictimerresponse.md
  - docs/sdk/models/operations/gettopicrequest.md
  - docs/sdk/models/operations/gettopicactionssummary.md
  - docs/sdk/models/operations/createdby.md
  - docs/sdk/models/operations/lastposter.md
  - docs/sdk/models/operations/participants.md
  - docs/sdk/models/operations/details.md
  - docs/sdk/models/operations/gettopictopicsactionssummary.md
  - docs/sdk/models/operations/linkcounts.md
  - docs/sdk/models/operations/posts.md
  - docs/sdk/models/operations/poststream.md
  - docs/sdk/models/operations/gettopicuser.md
  - docs/sdk/models/operations/posters.md
  - docs/sdk/models/operations/gettopictagsdescriptions.md
  - docs/sdk/models/operations/suggestedtopics.md
  - docs/sdk/models/operations/tagsdescriptions.md
  - docs/sdk/models/operations/gettopicresponsebody.md
  - docs/sdk/models/operations/gettopicresponse.md
  - docs/sdk/models/operations/gettopicbyexternalidrequest.md
  - docs/sdk/models/operations/gettopicbyexternalidresponse.md
  - docs/sdk/models/operations/listlatesttopicsrequest.md
  - docs/sdk/models/operations/listlatesttopicsposters.md
  - docs/sdk/models/operations/listlatesttopicstopics.md
  - docs/sdk/models/operations/listlatesttopicstopiclist.md
  - docs/sdk/models/operations/listlatesttopicsusers.md
  - docs/sdk/models/operations/listlatesttopicsresponsebody.md
  - docs/sdk/models/operations/listlatesttopicsresponse.md
  - docs/sdk/models/operations/listtoptopicsrequest.md
  - docs/sdk/models/operations/listtoptopicsposters.md
  - docs/sdk/models/operations/listtoptopicstopics.md
  - docs/sdk/models/operations/listtoptopicstopiclist.md
  - docs/sdk/models/operations/listtoptopicsusers.md
  - docs/sdk/models/operations/listtoptopicsresponsebody.md
  - docs/sdk/models/operations/listtoptopicsresponse.md
  - docs/sdk/models/operations/removetopicrequest.md
  - docs/sdk/models/operations/removetopicresponse.md
  - docs/sdk/models/operations/notificationlevel.md
  - docs/sdk/models/operations/setnotificationlevelrequestbody.md
  - docs/sdk/models/operations/setnotificationlevelrequest.md
  - docs/sdk/models/operations/setnotificationlevelresponsebody.md
  - docs/sdk/models/operations/setnotificationlevelresponse.md
  - docs/sdk/models/operations/topic.md
  - docs/sdk/models/operations/updatetopicrequestbody.md
  - docs/sdk/models/operations/updatetopicrequest.md
  - docs/sdk/models/operations/basictopic.md
  - docs/sdk/models/operations/updatetopicresponsebody.md
  - docs/sdk/models/operations/updatetopicresponse.md
  - docs/sdk/models/operations/enabled.md
  - docs/sdk/models/operations/status.md
  - docs/sdk/models/operations/updatetopicstatusrequestbody.md
  - docs/sdk/models/operations/updatetopicstatusrequest.md
  - docs/sdk/models/operations/updatetopicstatusresponsebody.md
  - docs/sdk/models/operations/updatetopicstatusresponse.md
  - docs/sdk/models/operations/updatetopictimestamprequestbody.md
  - docs/sdk/models/operations/updatetopictimestamprequest.md
  - docs/sdk/models/operations/updatetopictimestampresponsebody.md
  - docs/sdk/models/operations/updatetopictimestampresponse.md
  - docs/sdk/models/operations/data.md
  - docs/sdk/models/operations/notifications.md
  - docs/sdk/models/operations/getnotificationsresponsebody.md
  - docs/sdk/models/operations/getnotificationsresponse.md
  - docs/sdk/models/operations/marknotificationsasreadrequestbody.md
  - docs/sdk/models/operations/marknotificationsasreadresponsebody.md
  - docs/sdk/models/operations/marknotificationsasreadresponse.md
  - docs/sdk/models/operations/deletepostrequestbody.md
  - docs/sdk/models/operations/deletepostrequest.md
  - docs/sdk/models/operations/deletepostresponse.md
  - docs/sdk/models/operations/getpostrequest.md
  - docs/sdk/models/operations/getpostresponse.md
  - docs/sdk/models/operations/listpostsrequest.md
  - docs/sdk/models/operations/listpostsactionssummary.md
  - docs/sdk/models/operations/latestposts.md
  - docs/sdk/models/operations/listpostsresponsebody.md
  - docs/sdk/models/operations/listpostsresponse.md
  - docs/sdk/models/operations/lockpostrequestbody.md
  - docs/sdk/models/operations/lockpostrequest.md
  - docs/sdk/models/operations/lockpostresponsebody.md
  - docs/sdk/models/operations/lockpostresponse.md
  - docs/sdk/models/operations/performpostactionrequestbody.md
  - docs/sdk/models/operations/performpostactionrequest.md
  - docs/sdk/models/operations/actionssummary.md
  - docs/sdk/models/operations/notice.md
  - docs/sdk/models/operations/performpostactionresponsebody.md
  - docs/sdk/models/operations/performpostactionresponse.md
  - docs/sdk/models/operations/postrepliesrequest.md
  - docs/sdk/models/operations/postrepliesactionssummary.md
  - docs/sdk/models/operations/replytouser.md
  - docs/sdk/models/operations/postrepliesresponsebody.md
  - docs/sdk/models/operations/postrepliesresponse.md
  - docs/sdk/models/operations/post.md
  - docs/sdk/models/operations/updatepostrequestbody.md
  - docs/sdk/models/operations/updatepostrequest.md
  - docs/sdk/models/operations/updatepostactionssummary.md
  - docs/sdk/models/operations/updatepostpost.md
  - docs/sdk/models/operations/updatepostresponsebody.md
  - docs/sdk/models/operations/updatepostresponse.md
  - docs/sdk/models/operations/getusersentprivatemessagesrequest.md
  - docs/sdk/models/operations/getusersentprivatemessagesposters.md
  - docs/sdk/models/operations/getusersentprivatemessagestopics.md
  - docs/sdk/models/operations/getusersentprivatemessagestopiclist.md
  - docs/sdk/models/operations/getusersentprivatemessagesusers.md
  - docs/sdk/models/operations/getusersentprivatemessagesresponsebody.md
  - docs/sdk/models/operations/getusersentprivatemessagesresponse.md
  - docs/sdk/models/operations/listuserprivatemessagesrequest.md
  - docs/sdk/models/operations/listuserprivatemessagesparticipants.md
  - docs/sdk/models/operations/listuserprivatemessagesposters.md
  - docs/sdk/models/operations/listuserprivatemessagestopics.md
  - docs/sdk/models/operations/listuserprivatemessagestopiclist.md
  - docs/sdk/models/operations/listuserprivatemessagesusers.md
  - docs/sdk/models/operations/listuserprivatemessagesresponsebody.md
  - docs/sdk/models/operations/listuserprivatemessagesresponse.md
  - docs/sdk/models/operations/searchrequest.md
  - docs/sdk/models/operations/groupedsearchresult.md
  - docs/sdk/models/operations/searchresponsebody.md
  - docs/sdk/models/operations/searchresponse.md
  - docs/sdk/models/operations/createtaggrouprequestbody.md
  - docs/sdk/models/operations/permissions.md
  - docs/sdk/models/operations/taggroup.md
  - docs/sdk/models/operations/createtaggroupresponsebody.md
  - docs/sdk/models/operations/createtaggroupresponse.md
  - docs/sdk/models/operations/gettagrequest.md
  - docs/sdk/models/operations/gettagtags.md
  - docs/sdk/models/operations/gettagposters.md
  - docs/sdk/models/operations/gettagtopics.md
  - docs/sdk/models/operations/gettagtopiclist.md
  - docs/sdk/models/operations/gettagusers.md
  - docs/sdk/models/operations/gettagresponsebody.md
  - docs/sdk/models/operations/gettagresponse.md
  - docs/sdk/models/operations/gettaggrouprequest.md
  - docs/sdk/models/operations/gettaggrouppermissions.md
  - docs/sdk/models/operations/gettaggrouptaggroup.md
  - docs/sdk/models/operations/gettaggroupresponsebody.md
  - docs/sdk/models/operations/gettaggroupresponse.md
  - docs/sdk/models/operations/listtaggroupspermissions.md
  - docs/sdk/models/operations/taggroups.md
  - docs/sdk/models/operations/listtaggroupsresponsebody.md
  - docs/sdk/models/operations/listtaggroupsresponse.md
  - docs/sdk/models/operations/listtagsextras.md
  - docs/sdk/models/operations/tags.md
  - docs/sdk/models/operations/listtagsresponsebody.md
  - docs/sdk/models/operations/listtagsresponse.md
  - docs/sdk/models/operations/updatetaggrouprequestbody.md
  - docs/sdk/models/operations/updatetaggrouprequest.md
  - docs/sdk/models/operations/updatetaggrouppermissions.md
  - docs/sdk/models/operations/updatetaggrouptaggroup.md
  - docs/sdk/models/operations/updatetaggroupresponsebody.md
  - docs/sdk/models/operations/updatetaggroupresponse.md
  - docs/sdk/models/operations/abortmultipartrequestbody.md
  - docs/sdk/models/operations/abortmultipartresponsebody.md
  - docs/sdk/models/operations/abortmultipartresponse.md
  - docs/sdk/models/operations/batchpresignmultipartpartsrequestbody.md
  - docs/sdk/models/operations/presignedurls.md
  - docs/sdk/models/operations/batchpresignmultipartpartsresponsebody.md
  - docs/sdk/models/operations/batchpresignmultipartpartsresponse.md
  - docs/sdk/models/operations/completeexternaluploadrequestbody.md
  - docs/sdk/models/operations/completeexternaluploadresponsebody.md
  - docs/sdk/models/operations/completeexternaluploadresponse.md
  - docs/sdk/models/operations/completemultipartrequestbody.md
  - docs/sdk/models/operations/completemultipartresponsebody.md
  - docs/sdk/models/operations/completemultipartresponse.md
  - docs/sdk/models/operations/metadata.md
  - docs/sdk/models/operations/uploadtype.md
  - docs/sdk/models/operations/createmultipartuploadrequestbody.md
  - docs/sdk/models/operations/createmultipartuploadresponsebody.md
  - docs/sdk/models/operations/createmultipartuploadresponse.md
  - docs/sdk/models/operations/file.md
  - docs/sdk/models/operations/typet.md
  - docs/sdk/models/operations/createuploadrequestbody.md
  - docs/sdk/models/operations/createuploadresponsebody.md
  - docs/sdk/models/operations/createuploadresponse.md
  - docs/sdk/models/operations/generatepresignedputmetadata.md
  - docs/sdk/models/operations/generatepresignedputtype.md
  - docs/sdk/models/operations/generatepresignedputrequestbody.md
  - docs/sdk/models/operations/signedheaders.md
  - docs/sdk/models/operations/generatepresignedputresponsebody.md
  - docs/sdk/models/operations/generatepresignedputresponse.md
  - docs/sdks/sdk/README.md
  - docs/sdks/backups/README.md
  - docs/sdks/badges/README.md
  - docs/sdks/groups/README.md
  - docs/sdks/users/README.md
  - docs/sdks/admin/README.md
  - docs/sdks/categories/README.md
  - docs/sdks/invites/README.md
  - docs/sdks/topics/README.md
  - docs/sdks/notifications/README.md
  - docs/sdks/posts/README.md
  - docs/sdks/privatemessages/README.md
  - docs/sdks/search/README.md
  - docs/sdks/site/README.md
  - docs/sdks/tags/README.md
  - docs/sdks/uploads/README.md
  - USAGE.md
  - .gitattributes
